
Microsoft Visual Studio Solution File, Format Version 12.00
# Visual Studio Version 16
VisualStudioVersion = 16.0.28922.388
MinimumVisualStudioVersion = 10.0.40219.1
Project("{FAE04EC0-301F-11D3-BF4B-00C04F79EFBC}") = "ConstructorChaining", "ConstructorChaining.csproj", "{9995E372-29BE-41FB-8E0A-BE731E90B882}"
EndProject
Global
	GlobalSection(SolutionConfigurationPlatforms) = preSolution
		Debug|Any CPU = Debug|Any CPU
		Release|Any CPU = Release|Any CPU
	EndGlobalSection
	GlobalSection(ProjectConfigurationPlatforms) = postSolution
		{9995E372-29BE-41FB-8E0A-BE731E90B882}.Debug|Any CPU.ActiveCfg = Debug|Any CPU
		{9995E372-29BE-41FB-8E0A-BE731E90B882}.Debug|Any CPU.Build.0 = Debug|Any CPU
		{9995E372-29BE-41FB-8E0A-BE731E90B882}.Release|Any CPU.ActiveCfg = Release|Any CPU
		{9995E372-29BE-41FB-8E0A-BE731E90B882}.Release|Any CPU.Build.0 = Release|Any CPU
	EndGlobalSection
	GlobalSection(SolutionProperties) = preSolution
		HideSolutionNode = FALSE
	EndGlobalSection
	GlobalSection(ExtensibilityGlobals) = postSolution
		SolutionGuid = {CC842E8B-2828-41AA-B77D-76B0C7E05313}
	EndGlobalSection
EndGlobal
