
Microsoft Visual Studio Solution File, Format Version 12.00
# Visual Studio Version 16
VisualStudioVersion = 16.0.28922.388
MinimumVisualStudioVersion = 10.0.40219.1
Project("{FAE04EC0-301F-11D3-BF4B-00C04F79EFBC}") = "ClassMethods", "ClassMethods.csproj", "{16913A81-0D8E-466C-9B92-4F07A84E231D}"
EndProject
Global
	GlobalSection(SolutionConfigurationPlatforms) = preSolution
		Debug|Any CPU = Debug|Any CPU
		Release|Any CPU = Release|Any CPU
	EndGlobalSection
	GlobalSection(ProjectConfigurationPlatforms) = postSolution
		{16913A81-0D8E-466C-9B92-4F07A84E231D}.Debug|Any CPU.ActiveCfg = Debug|Any CPU
		{16913A81-0D8E-466C-9B92-4F07A84E231D}.Debug|Any CPU.Build.0 = Debug|Any CPU
		{16913A81-0D8E-466C-9B92-4F07A84E231D}.Release|Any CPU.ActiveCfg = Release|Any CPU
		{16913A81-0D8E-466C-9B92-4F07A84E231D}.Release|Any CPU.Build.0 = Release|Any CPU
	EndGlobalSection
	GlobalSection(SolutionProperties) = preSolution
		HideSolutionNode = FALSE
	EndGlobalSection
	GlobalSection(ExtensibilityGlobals) = postSolution
		SolutionGuid = {70B5FCFF-4807-4C17-8F62-3A5B6F800F98}
	EndGlobalSection
EndGlobal
