
Microsoft Visual Studio Solution File, Format Version 12.00
# Visual Studio Version 16
VisualStudioVersion = 16.0.28922.388
MinimumVisualStudioVersion = 10.0.40219.1
Project("{FAE04EC0-301F-11D3-BF4B-00C04F79EFBC}") = "LambdaFunctions", "LambdaFunctions.csproj", "{AA5AC7B8-60DA-4558-825B-2A830196D4FC}"
EndProject
Global
	GlobalSection(SolutionConfigurationPlatforms) = preSolution
		Debug|Any CPU = Debug|Any CPU
		Release|Any CPU = Release|Any CPU
	EndGlobalSection
	GlobalSection(ProjectConfigurationPlatforms) = postSolution
		{AA5AC7B8-60DA-4558-825B-2A830196D4FC}.Debug|Any CPU.ActiveCfg = Debug|Any CPU
		{AA5AC7B8-60DA-4558-825B-2A830196D4FC}.Debug|Any CPU.Build.0 = Debug|Any CPU
		{AA5AC7B8-60DA-4558-825B-2A830196D4FC}.Release|Any CPU.ActiveCfg = Release|Any CPU
		{AA5AC7B8-60DA-4558-825B-2A830196D4FC}.Release|Any CPU.Build.0 = Release|Any CPU
	EndGlobalSection
	GlobalSection(SolutionProperties) = preSolution
		HideSolutionNode = FALSE
	EndGlobalSection
	GlobalSection(ExtensibilityGlobals) = postSolution
		SolutionGuid = {4AE917D0-1942-439A-B484-CA7FA2C6E8E1}
	EndGlobalSection
EndGlobal
