
Microsoft Visual Studio Solution File, Format Version 12.00
# Visual Studio Version 16
VisualStudioVersion = 16.0.28922.388
MinimumVisualStudioVersion = 10.0.40219.1
Project("{FAE04EC0-301F-11D3-BF4B-00C04F79EFBC}") = "ClassMethodsAndParameters", "ClassMethodsAndParameters.csproj", "{06D4CC9D-1EA1-49B8-A72D-A84C2C7201FB}"
EndProject
Global
	GlobalSection(SolutionConfigurationPlatforms) = preSolution
		Debug|Any CPU = Debug|Any CPU
		Release|Any CPU = Release|Any CPU
	EndGlobalSection
	GlobalSection(ProjectConfigurationPlatforms) = postSolution
		{06D4CC9D-1EA1-49B8-A72D-A84C2C7201FB}.Debug|Any CPU.ActiveCfg = Debug|Any CPU
		{06D4CC9D-1EA1-49B8-A72D-A84C2C7201FB}.Debug|Any CPU.Build.0 = Debug|Any CPU
		{06D4CC9D-1EA1-49B8-A72D-A84C2C7201FB}.Release|Any CPU.ActiveCfg = Release|Any CPU
		{06D4CC9D-1EA1-49B8-A72D-A84C2C7201FB}.Release|Any CPU.Build.0 = Release|Any CPU
	EndGlobalSection
	GlobalSection(SolutionProperties) = preSolution
		HideSolutionNode = FALSE
	EndGlobalSection
	GlobalSection(ExtensibilityGlobals) = postSolution
		SolutionGuid = {6F6F86C0-B164-4C98-970A-B6E30E0A92F2}
	EndGlobalSection
EndGlobal
