
Microsoft Visual Studio Solution File, Format Version 12.00
# Visual Studio Version 16
VisualStudioVersion = 16.0.28922.388
MinimumVisualStudioVersion = 10.0.40219.1
Project("{FAE04EC0-301F-11D3-BF4B-00C04F79EFBC}") = "ExceptionHandling", "ExceptionHandling.csproj", "{D8FFFFD8-5F8C-4071-8038-E992A9D2558E}"
EndProject
Global
	GlobalSection(SolutionConfigurationPlatforms) = preSolution
		Debug|Any CPU = Debug|Any CPU
		Release|Any CPU = Release|Any CPU
	EndGlobalSection
	GlobalSection(ProjectConfigurationPlatforms) = postSolution
		{D8FFFFD8-5F8C-4071-8038-E992A9D2558E}.Debug|Any CPU.ActiveCfg = Debug|Any CPU
		{D8FFFFD8-5F8C-4071-8038-E992A9D2558E}.Debug|Any CPU.Build.0 = Debug|Any CPU
		{D8FFFFD8-5F8C-4071-8038-E992A9D2558E}.Release|Any CPU.ActiveCfg = Release|Any CPU
		{D8FFFFD8-5F8C-4071-8038-E992A9D2558E}.Release|Any CPU.Build.0 = Release|Any CPU
	EndGlobalSection
	GlobalSection(SolutionProperties) = preSolution
		HideSolutionNode = FALSE
	EndGlobalSection
	GlobalSection(ExtensibilityGlobals) = postSolution
		SolutionGuid = {E901308B-5C2E-4C06-B4D2-E8D1BC33FFE1}
	EndGlobalSection
EndGlobal
