
Microsoft Visual Studio Solution File, Format Version 12.00
# Visual Studio Version 16
VisualStudioVersion = 16.0.28922.388
MinimumVisualStudioVersion = 10.0.40219.1
Project("{FAE04EC0-301F-11D3-BF4B-00C04F79EFBC}") = "FileIO", "FileIO.csproj", "{07BD9BA0-3964-417C-AD33-6D4FD5AB552B}"
EndProject
Global
	GlobalSection(SolutionConfigurationPlatforms) = preSolution
		Debug|Any CPU = Debug|Any CPU
		Release|Any CPU = Release|Any CPU
	EndGlobalSection
	GlobalSection(ProjectConfigurationPlatforms) = postSolution
		{07BD9BA0-3964-417C-AD33-6D4FD5AB552B}.Debug|Any CPU.ActiveCfg = Debug|Any CPU
		{07BD9BA0-3964-417C-AD33-6D4FD5AB552B}.Debug|Any CPU.Build.0 = Debug|Any CPU
		{07BD9BA0-3964-417C-AD33-6D4FD5AB552B}.Release|Any CPU.ActiveCfg = Release|Any CPU
		{07BD9BA0-3964-417C-AD33-6D4FD5AB552B}.Release|Any CPU.Build.0 = Release|Any CPU
	EndGlobalSection
	GlobalSection(SolutionProperties) = preSolution
		HideSolutionNode = FALSE
	EndGlobalSection
	GlobalSection(ExtensibilityGlobals) = postSolution
		SolutionGuid = {D5D95D4E-0409-4C02-9131-E36868E8F75F}
	EndGlobalSection
EndGlobal
